
Microsoft Visual Studio Solution File, Format Version 12.00
# Visual Studio 2013
VisualStudioVersion = 12.0.21005.1
MinimumVisualStudioVersion = 10.0.40219.1
Project("{FAE04EC0-301F-11D3-BF4B-00C04F79EFBC}") = "EasyBoard", "EasyBoard\EasyBoard.csproj", "{29886E9E-0487-4750-884D-3D6DEF3F3830}"
EndProject
Global
	GlobalSection(SolutionConfigurationPlatforms) = preSolution
		Debug|Any CPU = Debug|Any CPU
		Release|Any CPU = Release|Any CPU
	EndGlobalSection
	GlobalSection(ProjectConfigurationPlatforms) = postSolution
		{29886E9E-0487-4750-884D-3D6DEF3F3830}.Debug|Any CPU.ActiveCfg = Debug|Any CPU
		{29886E9E-0487-4750-884D-3D6DEF3F3830}.Debug|Any CPU.Build.0 = Debug|Any CPU
		{29886E9E-0487-4750-884D-3D6DEF3F3830}.Release|Any CPU.ActiveCfg = Release|Any CPU
		{29886E9E-0487-4750-884D-3D6DEF3F3830}.Release|Any CPU.Build.0 = Release|Any CPU
	EndGlobalSection
	GlobalSection(SolutionProperties) = preSolution
		HideSolutionNode = FALSE
	EndGlobalSection
EndGlobal
